// !$*UTF8*$!
{
	archiveVersion = 1;
	classes = {
	};
	objectVersion = 50;
	objects = {

/* Begin PBXBuildFile section */
		580BD04626B2B3F6001AC3F8 /* AppDelegate.swift in Sources */ = {isa = PBXBuildFile; fileRef = 580BD04526B2B3F6001AC3F8 /* AppDelegate.swift */; };
		580BD04826B2B3F6001AC3F8 /* SceneDelegate.swift in Sources */ = {isa = PBXBuildFile; fileRef = 580BD04726B2B3F6001AC3F8 /* SceneDelegate.swift */; };
		580BD04A26B2B3F6001AC3F8 /* ViewController.swift in Sources */ = {isa = PBXBuildFile; fileRef = 580BD04926B2B3F6001AC3F8 /* ViewController.swift */; };
		580BD04D26B2B3F6001AC3F8 /* Main.storyboard in Resources */ = {isa = PBXBuildFile; fileRef = 580BD04B26B2B3F6001AC3F8 /* Main.storyboard */; };
		580BD04F26B2B3F8001AC3F8 /* Assets.xcassets in Resources */ = {isa = PBXBuildFile; fileRef = 580BD04E26B2B3F8001AC3F8 /* Assets.xcassets */; };
		580BD05226B2B3F8001AC3F8 /* LaunchScreen.storyboard in Resources */ = {isa = PBXBuildFile; fileRef = 580BD05026B2B3F8001AC3F8 /* LaunchScreen.storyboard */; };
/* End PBXBuildFile section */

/* Begin PBXFileReference section */
		580BD04226B2B3F6001AC3F8 /* Car_Shop.app */ = {isa = PBXFileReference; explicitFileType = wrapper.application; includeInIndex = 0; path = Car_Shop.app; sourceTree = BUILT_PRODUCTS_DIR; };
		580BD04526B2B3F6001AC3F8 /* AppDelegate.swift */ = {isa = PBXFileReference; lastKnownFileType = sourcecode.swift; path = AppDelegate.swift; sourceTree = "<group>"; };
		580BD04726B2B3F6001AC3F8 /* SceneDelegate.swift */ = {isa = PBXFileReference; lastKnownFileType = sourcecode.swift; path = SceneDelegate.swift; sourceTree = "<group>"; };
		580BD04926B2B3F6001AC3F8 /* ViewController.swift */ = {isa = PBXFileReference; lastKnownFileType = sourcecode.swift; path = ViewController.swift; sourceTree = "<group>"; };
		580BD04C26B2B3F6001AC3F8 /* Base */ = {isa = PBXFileReference; lastKnownFileType = file.storyboard; name = Base; path = Base.lproj/Main.storyboard; sourceTree = "<group>"; };
		580BD04E26B2B3F8001AC3F8 /* Assets.xcassets */ = {isa = PBXFileReference; lastKnownFileType = folder.assetcatalog; path = Assets.xcassets; sourceTree = "<group>"; };
		580BD05126B2B3F8001AC3F8 /* Base */ = {isa = PBXFileReference; lastKnownFileType = file.storyboard; name = Base; path = Base.lproj/LaunchScreen.storyboard; sourceTree = "<group>"; };
		580BD05326B2B3F8001AC3F8 /* Info.plist */ = {isa = PBXFileReference; lastKnownFileType = text.plist.xml; path = Info.plist; sourceTree = "<group>"; };
/* End PBXFileReference section */

/* Begin PBXFrameworksBuildPhase section */
		580BD03F26B2B3F6001AC3F8 /* Frameworks */ = {
			isa = PBXFrameworksBuildPhase;
			buildActionMask = 2147483647;
			files = (
			);
			runOnlyForDeploymentPostprocessing = 0;
		};
/* End PBXFrameworksBuildPhase section */

/* Begin PBXGroup section */
		580BD03926B2B3F6001AC3F8 = {
			isa = PBXGroup;
			children = (
				580BD04426B2B3F6001AC3F8 /* Car_Shop */,
				580BD04326B2B3F6001AC3F8 /* Products */,
			);
			sourceTree = "<group>";
		};
		580BD04326B2B3F6001AC3F8 /* Products */ = {
			isa = PBXGroup;
			children = (
				580BD04226B2B3F6001AC3F8 /* Car_Shop.app */,
			);
			name = Products;
			sourceTree = "<group>";
		};
		580BD04426B2B3F6001AC3F8 /* Car_Shop */ = {
			isa = PBXGroup;
			children = (
				580BD04526B2B3F6001AC3F8 /* AppDelegate.swift */,
				580BD04726B2B3F6001AC3F8 /* SceneDelegate.swift */,
				580BD04926B2B3F6001AC3F8 /* ViewController.swift */,
				580BD04B26B2B3F6001AC3F8 /* Main.storyboard */,
				580BD04E26B2B3F8001AC3F8 /* Assets.xcassets */,
				580BD05026B2B3F8001AC3F8 /* LaunchScreen.storyboard */,
				580BD05326B2B3F8001AC3F8 /* Info.plist */,
			);
			path = Car_Shop;
			sourceTree = "<group>";
		};
/* End PBXGroup section */

/* Begin PBXNativeTarget section */
		580BD04126B2B3F6001AC3F8 /* Car_Shop */ = {
			isa = PBXNativeTarget;
			buildConfigurationList = 580BD05626B2B3F8001AC3F8 /* Build configuration list for PBXNativeTarget "Car_Shop" */;
			buildPhases = (
				580BD03E26B2B3F6001AC3F8 /* Sources */,
				580BD03F26B2B3F6001AC3F8 /* Frameworks */,
				580BD04026B2B3F6001AC3F8 /* Resources */,
			);
			buildRules = (
			);
			dependencies = (
			);
			name = Car_Shop;
			productName = Car_Shop;
			productReference = 580BD04226B2B3F6001AC3F8 /* Car_Shop.app */;
			productType = "com.apple.product-type.application";
		};
/* End PBXNativeTarget section */

/* Begin PBXProject section */
		580BD03A26B2B3F6001AC3F8 /* Project object */ = {
			isa = PBXProject;
			attributes = {
				LastSwiftUpdateCheck = 1250;
				LastUpgradeCheck = 1250;
				TargetAttributes = {
					580BD04126B2B3F6001AC3F8 = {
						CreatedOnToolsVersion = 12.5.1;
					};
				};
			};
			buildConfigurationList = 580BD03D26B2B3F6001AC3F8 /* Build configuration list for PBXProject "Car_Shop" */;
			compatibilityVersion = "Xcode 9.3";
			developmentRegion = en;
			hasScannedForEncodings = 0;
			knownRegions = (
				en,
				Base,
			);
			mainGroup = 580BD03926B2B3F6001AC3F8;
			productRefGroup = 580BD04326B2B3F6001AC3F8 /* Products */;
			projectDirPath = "";
			projectRoot = "";
			targets = (
				580BD04126B2B3F6001AC3F8 /* Car_Shop */,
			);
		};
/* End PBXProject section */

/* Begin PBXResourcesBuildPhase section */
		580BD04026B2B3F6001AC3F8 /* Resources */ = {
			isa = PBXResourcesBuildPhase;
			buildActionMask = 2147483647;
			files = (
				580BD05226B2B3F8001AC3F8 /* LaunchScreen.storyboard in Resources */,
				580BD04F26B2B3F8001AC3F8 /* Assets.xcassets in Resources */,
				580BD04D26B2B3F6001AC3F8 /* Main.storyboard in Resources */,
			);
			runOnlyForDeploymentPostprocessing = 0;
		};
/* End PBXResourcesBuildPhase section */

/* Begin PBXSourcesBuildPhase section */
		580BD03E26B2B3F6001AC3F8 /* Sources */ = {
			isa = PBXSourcesBuildPhase;
			buildActionMask = 2147483647;
			files = (
				580BD04A26B2B3F6001AC3F8 /* ViewController.swift in Sources */,
				580BD04626B2B3F6001AC3F8 /* AppDelegate.swift in Sources */,
				580BD04826B2B3F6001AC3F8 /* SceneDelegate.swift in Sources */,
			);
			runOnlyForDeploymentPostprocessing = 0;
		};
/* End PBXSourcesBuildPhase section */

/* Begin PBXVariantGroup section */
		580BD04B26B2B3F6001AC3F8 /* Main.storyboard */ = {
			isa = PBXVariantGroup;
			children = (
				580BD04C26B2B3F6001AC3F8 /* Base */,
			);
			name = Main.storyboard;
			sourceTree = "<group>";
		};
		580BD05026B2B3F8001AC3F8 /* LaunchScreen.storyboard */ = {
			isa = PBXVariantGroup;
			children = (
				580BD05126B2B3F8001AC3F8 /* Base */,
			);
			name = LaunchScreen.storyboard;
			sourceTree = "<group>";
		};
/* End PBXVariantGroup section */

/* Begin XCBuildConfiguration section */
		580BD05426B2B3F8001AC3F8 /* Debug */ = {
			isa = XCBuildConfiguration;
			buildSettings = {
				ALWAYS_SEARCH_USER_PATHS = NO;
				CLANG_ANALYZER_NONNULL = YES;
				CLANG_ANALYZER_NUMBER_OBJECT_CONVERSION = YES_AGGRESSIVE;
				CLANG_CXX_LANGUAGE_STANDARD = "gnu++14";
				CLANG_CXX_LIBRARY = "libc++";
				CLANG_ENABLE_MODULES = YES;
				CLANG_ENABLE_OBJC_ARC = YES;
				CLANG_ENABLE_OBJC_WEAK = YES;
				CLANG_WARN_BLOCK_CAPTURE_AUTORELEASING = YES;
				CLANG_WARN_BOOL_CONVERSION = YES;
				CLANG_WARN_COMMA = YES;
				CLANG_WARN_CONSTANT_CONVERSION = YES;
				CLANG_WARN_DEPRECATED_OBJC_IMPLEMENTATIONS = YES;
				CLANG_WARN_DIRECT_OBJC_ISA_USAGE = YES_ERROR;
				CLANG_WARN_DOCUMENTATION_COMMENTS = YES;
				CLANG_WARN_EMPTY_BODY = YES;
				CLANG_WARN_ENUM_CONVERSION = YES;
				CLANG_WARN_INFINITE_RECURSION = YES;
				CLANG_WARN_INT_CONVERSION = YES;
				CLANG_WARN_NON_LITERAL_NULL_CONVERSION = YES;
				CLANG_WARN_OBJC_IMPLICIT_RETAIN_SELF = YES;
				CLANG_WARN_OBJC_LITERAL_CONVERSION = YES;
				CLANG_WARN_OBJC_ROOT_CLASS = YES_ERROR;
				CLANG_WARN_QUOTED_INCLUDE_IN_FRAMEWORK_HEADER = YES;
				CLANG_WARN_RANGE_LOOP_ANALYSIS = YES;
				CLANG_WARN_STRICT_PROTOTYPES = YES;
				CLANG_WARN_SUSPICIOUS_MOVE = YES;
				CLANG_WARN_UNGUARDED_AVAILABILITY = YES_AGGRESSIVE;
				CLANG_WARN_UNREACHABLE_CODE = YES;
				CLANG_WARN__DUPLICATE_METHOD_MATCH = YES;
				COPY_PHASE_STRIP = NO;
				DEBUG_INFORMATION_FORMAT = dwarf;
				ENABLE_STRICT_OBJC_MSGSEND = YES;
				ENABLE_TESTABILITY = YES;
				GCC_C_LANGUAGE_STANDARD = gnu11;
				GCC_DYNAMIC_NO_PIC = NO;
				GCC_NO_COMMON_BLOCKS = YES;
				GCC_OPTIMIZATION_LEVEL = 0;
				GCC_PREPROCESSOR_DEFINITIONS = (
					"DEBUG=1",
					"$(inherited)",
				);
				GCC_WARN_64_TO_32_BIT_CONVERSION = YES;
				GCC_WARN_ABOUT_RETURN_TYPE = YES_ERROR;
				GCC_WARN_UNDECLARED_SELECTOR = YES;
				GCC_WARN_UNINITIALIZED_AUTOS = YES_AGGRESSIVE;
				GCC_WARN_UNUSED_FUNCTION = YES;
				GCC_WARN_UNUSED_VARIABLE = YES;
				IPHONEOS_DEPLOYMENT_TARGET = 14.5;
				MTL_ENABLE_DEBUG_INFO = INCLUDE_SOURCE;
				MTL_FAST_MATH = YES;
				ONLY_ACTIVE_ARCH = YES;
				SDKROOT = iphoneos;
				SWIFT_ACTIVE_COMPILATION_CONDITIONS = DEBUG;
				SWIFT_OPTIMIZATION_LEVEL = "-Onone";
			};
			name = Debug;
		};
		580BD05526B2B3F8001AC3F8 /* Release */ = {
			isa = XCBuildConfiguration;
			buildSettings = {
				ALWAYS_SEARCH_USER_PATHS = NO;
				CLANG_ANALYZER_NONNULL = YES;
				CLANG_ANALYZER_NUMBER_OBJECT_CONVERSION = YES_AGGRESSIVE;
				CLANG_CXX_LANGUAGE_STANDARD = "gnu++14";
				CLANG_CXX_LIBRARY = "libc++";
				CLANG_ENABLE_MODULES = YES;
				CLANG_ENABLE_OBJC_ARC = YES;
				CLANG_ENABLE_OBJC_WEAK = YES;
				CLANG_WARN_BLOCK_CAPTURE_AUTORELEASING = YES;
				CLANG_WARN_BOOL_CONVERSION = YES;
				CLANG_WARN_COMMA = YES;
				CLANG_WARN_CONSTANT_CONVERSION = YES;
				CLANG_WARN_DEPRECATED_OBJC_IMPLEMENTATIONS = YES;
				CLANG_WARN_DIRECT_OBJC_ISA_USAGE = YES_ERROR;
				CLANG_WARN_DOCUMENTATION_COMMENTS = YES;
				CLANG_WARN_EMPTY_BODY = YES;
				CLANG_WARN_ENUM_CONVERSION = YES;
				CLANG_WARN_INFINITE_RECURSION = YES;
				CLANG_WARN_INT_CONVERSION = YES;
				CLANG_WARN_NON_LITERAL_NULL_CONVERSION = YES;
				CLANG_WARN_OBJC_IMPLICIT_RETAIN_SELF = YES;
				CLANG_WARN_OBJC_LITERAL_CONVERSION = YES;
				CLANG_WARN_OBJC_ROOT_CLASS = YES_ERROR;
				CLANG_WARN_QUOTED_INCLUDE_IN_FRAMEWORK_HEADER = YES;
				CLANG_WARN_RANGE_LOOP_ANALYSIS = YES;
				CLANG_WARN_STRICT_PROTOTYPES = YES;
				CLANG_WARN_SUSPICIOUS_MOVE = YES;
				CLANG_WARN_UNGUARDED_AVAILABILITY = YES_AGGRESSIVE;
				CLANG_WARN_UNREACHABLE_CODE = YES;
				CLANG_WARN__DUPLICATE_METHOD_MATCH = YES;
				COPY_PHASE_STRIP = NO;
				DEBUG_INFORMATION_FORMAT = "dwarf-with-dsym";
				ENABLE_NS_ASSERTIONS = NO;
				ENABLE_STRICT_OBJC_MSGSEND = YES;
				GCC_C_LANGUAGE_STANDARD = gnu11;
				GCC_NO_COMMON_BLOCKS = YES;
				GCC_WARN_64_TO_32_BIT_CONVERSION = YES;
				GCC_WARN_ABOUT_RETURN_TYPE = YES_ERROR;
				GCC_WARN_UNDECLARED_SELECTOR = YES;
				GCC_WARN_UNINITIALIZED_AUTOS = YES_AGGRESSIVE;
				GCC_WARN_UNUSED_FUNCTION = YES;
				GCC_WARN_UNUSED_VARIABLE = YES;
				IPHONEOS_DEPLOYMENT_TARGET = 14.5;
				MTL_ENABLE_DEBUG_INFO = NO;
				MTL_FAST_MATH = YES;
				SDKROOT = iphoneos;
				SWIFT_COMPILATION_MODE = wholemodule;
				SWIFT_OPTIMIZATION_LEVEL = "-O";
				VALIDATE_PRODUCT = YES;
			};
			name = Release;
		};
		580BD05726B2B3F8001AC3F8 /* Debug */ = {
			isa = XCBuildConfiguration;
			buildSettings = {
				ASSETCATALOG_COMPILER_APPICON_NAME = AppIcon;
				ASSETCATALOG_COMPILER_GLOBAL_ACCENT_COLOR_NAME = AccentColor;
				CODE_SIGN_STYLE = Automatic;
				DEVELOPMENT_TEAM = RNA58LVUWN;
				INFOPLIST_FILE = Car_Shop/Info.plist;
				LD_RUNPATH_SEARCH_PATHS = (
					"$(inherited)",
					"@executable_path/Frameworks",
				);
				PRODUCT_BUNDLE_IDENTIFIER = "com.sabakhitaridze.Car-Shop";
				PRODUCT_NAME = "$(TARGET_NAME)";
				SWIFT_VERSION = 5.0;
				TARGETED_DEVICE_FAMILY = "1,2";
			};
			name = Debug;
		};
		580BD05826B2B3F8001AC3F8 /* Release */ = {
			isa = XCBuildConfiguration;
			buildSettings = {
				ASSETCATALOG_COMPILER_APPICON_NAME = AppIcon;
				ASSETCATALOG_COMPILER_GLOBAL_ACCENT_COLOR_NAME = AccentColor;
				CODE_SIGN_STYLE = Automatic;
				DEVELOPMENT_TEAM = RNA58LVUWN;
				INFOPLIST_FILE = Car_Shop/Info.plist;
				LD_RUNPATH_SEARCH_PATHS = (
					"$(inherited)",
					"@executable_path/Frameworks",
				);
				PRODUCT_BUNDLE_IDENTIFIER = "com.sabakhitaridze.Car-Shop";
				PRODUCT_NAME = "$(TARGET_NAME)";
				SWIFT_VERSION = 5.0;
				TARGETED_DEVICE_FAMILY = "1,2";
			};
			name = Release;
		};
/* End XCBuildConfiguration section */

/* Begin XCConfigurationList section */
		580BD03D26B2B3F6001AC3F8 /* Build configuration list for PBXProject "Car_Shop" */ = {
			isa = XCConfigurationList;
			buildConfigurations = (
				580BD05426B2B3F8001AC3F8 /* Debug */,
				580BD05526B2B3F8001AC3F8 /* Release */,
			);
			defaultConfigurationIsVisible = 0;
			defaultConfigurationName = Release;
		};
		580BD05626B2B3F8001AC3F8 /* Build configuration list for PBXNativeTarget "Car_Shop" */ = {
			isa = XCConfigurationList;
			buildConfigurations = (
				580BD05726B2B3F8001AC3F8 /* Debug */,
				580BD05826B2B3F8001AC3F8 /* Release */,
			);
			defaultConfigurationIsVisible = 0;
			defaultConfigurationName = Release;
		};
/* End XCConfigurationList section */
	};
	rootObject = 580BD03A26B2B3F6001AC3F8 /* Project object */;
}
